
Microsoft Visual Studio Solution File, Format Version 12.00
# Visual Studio Version 16
VisualStudioVersion = 16.0.28803.452
MinimumVisualStudioVersion = 10.0.40219.1
Project("{6EC3EE1D-3C4E-46DD-8F32-0CC8E7565705}") = "nomemalloc", "nomemalloc.fsproj", "{6283F0CB-A899-4F6D-AC52-A92CAF3FEECE}"
EndProject
Project("{2150E333-8FDC-42A3-9474-1A3956D46DE8}") = ".build", ".build", "{B31F35D3-F10A-472B-ADC5-19E8ED10FE06}"
	ProjectSection(SolutionItems) = preProject
		paket.dependencies = paket.dependencies
	EndProjectSection
EndProject
Global
	GlobalSection(SolutionConfigurationPlatforms) = preSolution
		Debug|Any CPU = Debug|Any CPU
		Release|Any CPU = Release|Any CPU
	EndGlobalSection
	GlobalSection(ProjectConfigurationPlatforms) = postSolution
		{6283F0CB-A899-4F6D-AC52-A92CAF3FEECE}.Debug|Any CPU.ActiveCfg = Debug|Any CPU
		{6283F0CB-A899-4F6D-AC52-A92CAF3FEECE}.Debug|Any CPU.Build.0 = Debug|Any CPU
		{6283F0CB-A899-4F6D-AC52-A92CAF3FEECE}.Release|Any CPU.ActiveCfg = Release|Any CPU
		{6283F0CB-A899-4F6D-AC52-A92CAF3FEECE}.Release|Any CPU.Build.0 = Release|Any CPU
	EndGlobalSection
	GlobalSection(SolutionProperties) = preSolution
		HideSolutionNode = FALSE
	EndGlobalSection
	GlobalSection(ExtensibilityGlobals) = postSolution
		SolutionGuid = {A8D2C92D-1695-45E1-93FA-7ADB971793F5}
	EndGlobalSection
EndGlobal
